// !$*UTF8*$!
{
	archiveVersion = 1;
	classes = {
	};
	objectVersion = 50;
	objects = {

/* Begin PBXBuildFile section */
		6B69AA962103CBF900DDFF55 /* AppDelegate.swift in Sources */ = {isa = PBXBuildFile; fileRef = 6B69AA952103CBF900DDFF55 /* AppDelegate.swift */; };
		6B69AA982103CBF900DDFF55 /* ViewController.swift in Sources */ = {isa = PBXBuildFile; fileRef = 6B69AA972103CBF900DDFF55 /* ViewController.swift */; };
		6B69AA9B2103CBF900DDFF55 /* Main.storyboard in Resources */ = {isa = PBXBuildFile; fileRef = 6B69AA992103CBF900DDFF55 /* Main.storyboard */; };
		6B69AA9E2103CBFA00DDFF55 /* ShopifyiOSCodingChallenge_KrishnaBabla.xcdatamodeld in Sources */ = {isa = PBXBuildFile; fileRef = 6B69AA9C2103CBFA00DDFF55 /* ShopifyiOSCodingChallenge_KrishnaBabla.xcdatamodeld */; };
		6B69AAA02103CBFE00DDFF55 /* Assets.xcassets in Resources */ = {isa = PBXBuildFile; fileRef = 6B69AA9F2103CBFE00DDFF55 /* Assets.xcassets */; };
		6B69AAA32103CBFE00DDFF55 /* LaunchScreen.storyboard in Resources */ = {isa = PBXBuildFile; fileRef = 6B69AAA12103CBFE00DDFF55 /* LaunchScreen.storyboard */; };
		6B69AAAE2103CBFE00DDFF55 /* ShopifyiOSCodingChallenge_KrishnaBablaTests.swift in Sources */ = {isa = PBXBuildFile; fileRef = 6B69AAAD2103CBFE00DDFF55 /* ShopifyiOSCodingChallenge_KrishnaBablaTests.swift */; };
		6B69AAB92103CBFE00DDFF55 /* ShopifyiOSCodingChallenge_KrishnaBablaUITests.swift in Sources */ = {isa = PBXBuildFile; fileRef = 6B69AAB82103CBFE00DDFF55 /* ShopifyiOSCodingChallenge_KrishnaBablaUITests.swift */; };
/* End PBXBuildFile section */

/* Begin PBXContainerItemProxy section */
		6B69AAAA2103CBFE00DDFF55 /* PBXContainerItemProxy */ = {
			isa = PBXContainerItemProxy;
			containerPortal = 6B69AA8A2103CBF900DDFF55 /* Project object */;
			proxyType = 1;
			remoteGlobalIDString = 6B69AA912103CBF900DDFF55;
			remoteInfo = ShopifyiOSCodingChallenge_KrishnaBabla;
		};
		6B69AAB52103CBFE00DDFF55 /* PBXContainerItemProxy */ = {
			isa = PBXContainerItemProxy;
			containerPortal = 6B69AA8A2103CBF900DDFF55 /* Project object */;
			proxyType = 1;
			remoteGlobalIDString = 6B69AA912103CBF900DDFF55;
			remoteInfo = ShopifyiOSCodingChallenge_KrishnaBabla;
		};
/* End PBXContainerItemProxy section */

/* Begin PBXFileReference section */
		6B69AA922103CBF900DDFF55 /* ShopifyiOSCodingChallenge_KrishnaBabla.app */ = {isa = PBXFileReference; explicitFileType = wrapper.application; includeInIndex = 0; path = ShopifyiOSCodingChallenge_KrishnaBabla.app; sourceTree = BUILT_PRODUCTS_DIR; };
		6B69AA952103CBF900DDFF55 /* AppDelegate.swift */ = {isa = PBXFileReference; lastKnownFileType = sourcecode.swift; path = AppDelegate.swift; sourceTree = "<group>"; };
		6B69AA972103CBF900DDFF55 /* ViewController.swift */ = {isa = PBXFileReference; lastKnownFileType = sourcecode.swift; path = ViewController.swift; sourceTree = "<group>"; };
		6B69AA9A2103CBF900DDFF55 /* Base */ = {isa = PBXFileReference; lastKnownFileType = file.storyboard; name = Base; path = Base.lproj/Main.storyboard; sourceTree = "<group>"; };
		6B69AA9D2103CBFA00DDFF55 /* ShopifyiOSCodingChallenge_KrishnaBabla.xcdatamodel */ = {isa = PBXFileReference; lastKnownFileType = wrapper.xcdatamodel; path = ShopifyiOSCodingChallenge_KrishnaBabla.xcdatamodel; sourceTree = "<group>"; };
		6B69AA9F2103CBFE00DDFF55 /* Assets.xcassets */ = {isa = PBXFileReference; lastKnownFileType = folder.assetcatalog; path = Assets.xcassets; sourceTree = "<group>"; };
		6B69AAA22103CBFE00DDFF55 /* Base */ = {isa = PBXFileReference; lastKnownFileType = file.storyboard; name = Base; path = Base.lproj/LaunchScreen.storyboard; sourceTree = "<group>"; };
		6B69AAA42103CBFE00DDFF55 /* Info.plist */ = {isa = PBXFileReference; lastKnownFileType = text.plist.xml; path = Info.plist; sourceTree = "<group>"; };
		6B69AAA92103CBFE00DDFF55 /* ShopifyiOSCodingChallenge_KrishnaBablaTests.xctest */ = {isa = PBXFileReference; explicitFileType = wrapper.cfbundle; includeInIndex = 0; path = ShopifyiOSCodingChallenge_KrishnaBablaTests.xctest; sourceTree = BUILT_PRODUCTS_DIR; };
		6B69AAAD2103CBFE00DDFF55 /* ShopifyiOSCodingChallenge_KrishnaBablaTests.swift */ = {isa = PBXFileReference; lastKnownFileType = sourcecode.swift; path = ShopifyiOSCodingChallenge_KrishnaBablaTests.swift; sourceTree = "<group>"; };
		6B69AAAF2103CBFE00DDFF55 /* Info.plist */ = {isa = PBXFileReference; lastKnownFileType = text.plist.xml; path = Info.plist; sourceTree = "<group>"; };
		6B69AAB42103CBFE00DDFF55 /* ShopifyiOSCodingChallenge_KrishnaBablaUITests.xctest */ = {isa = PBXFileReference; explicitFileType = wrapper.cfbundle; includeInIndex = 0; path = ShopifyiOSCodingChallenge_KrishnaBablaUITests.xctest; sourceTree = BUILT_PRODUCTS_DIR; };
		6B69AAB82103CBFE00DDFF55 /* ShopifyiOSCodingChallenge_KrishnaBablaUITests.swift */ = {isa = PBXFileReference; lastKnownFileType = sourcecode.swift; path = ShopifyiOSCodingChallenge_KrishnaBablaUITests.swift; sourceTree = "<group>"; };
		6B69AABA2103CBFE00DDFF55 /* Info.plist */ = {isa = PBXFileReference; lastKnownFileType = text.plist.xml; path = Info.plist; sourceTree = "<group>"; };
/* End PBXFileReference section */

/* Begin PBXFrameworksBuildPhase section */
		6B69AA8F2103CBF900DDFF55 /* Frameworks */ = {
			isa = PBXFrameworksBuildPhase;
			buildActionMask = 2147483647;
			files = (
			);
			runOnlyForDeploymentPostprocessing = 0;
		};
		6B69AAA62103CBFE00DDFF55 /* Frameworks */ = {
			isa = PBXFrameworksBuildPhase;
			buildActionMask = 2147483647;
			files = (
			);
			runOnlyForDeploymentPostprocessing = 0;
		};
		6B69AAB12103CBFE00DDFF55 /* Frameworks */ = {
			isa = PBXFrameworksBuildPhase;
			buildActionMask = 2147483647;
			files = (
			);
			runOnlyForDeploymentPostprocessing = 0;
		};
/* End PBXFrameworksBuildPhase section */

/* Begin PBXGroup section */
		6B69AA892103CBF900DDFF55 = {
			isa = PBXGroup;
			children = (
				6B69AA942103CBF900DDFF55 /* ShopifyiOSCodingChallenge_KrishnaBabla */,
				6B69AAAC2103CBFE00DDFF55 /* ShopifyiOSCodingChallenge_KrishnaBablaTests */,
				6B69AAB72103CBFE00DDFF55 /* ShopifyiOSCodingChallenge_KrishnaBablaUITests */,
				6B69AA932103CBF900DDFF55 /* Products */,
			);
			sourceTree = "<group>";
		};
		6B69AA932103CBF900DDFF55 /* Products */ = {
			isa = PBXGroup;
			children = (
				6B69AA922103CBF900DDFF55 /* ShopifyiOSCodingChallenge_KrishnaBabla.app */,
				6B69AAA92103CBFE00DDFF55 /* ShopifyiOSCodingChallenge_KrishnaBablaTests.xctest */,
				6B69AAB42103CBFE00DDFF55 /* ShopifyiOSCodingChallenge_KrishnaBablaUITests.xctest */,
			);
			name = Products;
			sourceTree = "<group>";
		};
		6B69AA942103CBF900DDFF55 /* ShopifyiOSCodingChallenge_KrishnaBabla */ = {
			isa = PBXGroup;
			children = (
				6B69AA952103CBF900DDFF55 /* AppDelegate.swift */,
				6B69AA972103CBF900DDFF55 /* ViewController.swift */,
				6B69AA992103CBF900DDFF55 /* Main.storyboard */,
				6B69AA9F2103CBFE00DDFF55 /* Assets.xcassets */,
				6B69AAA12103CBFE00DDFF55 /* LaunchScreen.storyboard */,
				6B69AAA42103CBFE00DDFF55 /* Info.plist */,
				6B69AA9C2103CBFA00DDFF55 /* ShopifyiOSCodingChallenge_KrishnaBabla.xcdatamodeld */,
			);
			path = ShopifyiOSCodingChallenge_KrishnaBabla;
			sourceTree = "<group>";
		};
		6B69AAAC2103CBFE00DDFF55 /* ShopifyiOSCodingChallenge_KrishnaBablaTests */ = {
			isa = PBXGroup;
			children = (
				6B69AAAD2103CBFE00DDFF55 /* ShopifyiOSCodingChallenge_KrishnaBablaTests.swift */,
				6B69AAAF2103CBFE00DDFF55 /* Info.plist */,
			);
			path = ShopifyiOSCodingChallenge_KrishnaBablaTests;
			sourceTree = "<group>";
		};
		6B69AAB72103CBFE00DDFF55 /* ShopifyiOSCodingChallenge_KrishnaBablaUITests */ = {
			isa = PBXGroup;
			children = (
				6B69AAB82103CBFE00DDFF55 /* ShopifyiOSCodingChallenge_KrishnaBablaUITests.swift */,
				6B69AABA2103CBFE00DDFF55 /* Info.plist */,
			);
			path = ShopifyiOSCodingChallenge_KrishnaBablaUITests;
			sourceTree = "<group>";
		};
/* End PBXGroup section */

/* Begin PBXNativeTarget section */
		6B69AA912103CBF900DDFF55 /* ShopifyiOSCodingChallenge_KrishnaBabla */ = {
			isa = PBXNativeTarget;
			buildConfigurationList = 6B69AABD2103CBFE00DDFF55 /* Build configuration list for PBXNativeTarget "ShopifyiOSCodingChallenge_KrishnaBabla" */;
			buildPhases = (
				6B69AA8E2103CBF900DDFF55 /* Sources */,
				6B69AA8F2103CBF900DDFF55 /* Frameworks */,
				6B69AA902103CBF900DDFF55 /* Resources */,
			);
			buildRules = (
			);
			dependencies = (
			);
			name = ShopifyiOSCodingChallenge_KrishnaBabla;
			productName = ShopifyiOSCodingChallenge_KrishnaBabla;
			productReference = 6B69AA922103CBF900DDFF55 /* ShopifyiOSCodingChallenge_KrishnaBabla.app */;
			productType = "com.apple.product-type.application";
		};
		6B69AAA82103CBFE00DDFF55 /* ShopifyiOSCodingChallenge_KrishnaBablaTests */ = {
			isa = PBXNativeTarget;
			buildConfigurationList = 6B69AAC02103CBFE00DDFF55 /* Build configuration list for PBXNativeTarget "ShopifyiOSCodingChallenge_KrishnaBablaTests" */;
			buildPhases = (
				6B69AAA52103CBFE00DDFF55 /* Sources */,
				6B69AAA62103CBFE00DDFF55 /* Frameworks */,
				6B69AAA72103CBFE00DDFF55 /* Resources */,
			);
			buildRules = (
			);
			dependencies = (
				6B69AAAB2103CBFE00DDFF55 /* PBXTargetDependency */,
			);
			name = ShopifyiOSCodingChallenge_KrishnaBablaTests;
			productName = ShopifyiOSCodingChallenge_KrishnaBablaTests;
			productReference = 6B69AAA92103CBFE00DDFF55 /* ShopifyiOSCodingChallenge_KrishnaBablaTests.xctest */;
			productType = "com.apple.product-type.bundle.unit-test";
		};
		6B69AAB32103CBFE00DDFF55 /* ShopifyiOSCodingChallenge_KrishnaBablaUITests */ = {
			isa = PBXNativeTarget;
			buildConfigurationList = 6B69AAC32103CBFE00DDFF55 /* Build configuration list for PBXNativeTarget "ShopifyiOSCodingChallenge_KrishnaBablaUITests" */;
			buildPhases = (
				6B69AAB02103CBFE00DDFF55 /* Sources */,
				6B69AAB12103CBFE00DDFF55 /* Frameworks */,
				6B69AAB22103CBFE00DDFF55 /* Resources */,
			);
			buildRules = (
			);
			dependencies = (
				6B69AAB62103CBFE00DDFF55 /* PBXTargetDependency */,
			);
			name = ShopifyiOSCodingChallenge_KrishnaBablaUITests;
			productName = ShopifyiOSCodingChallenge_KrishnaBablaUITests;
			productReference = 6B69AAB42103CBFE00DDFF55 /* ShopifyiOSCodingChallenge_KrishnaBablaUITests.xctest */;
			productType = "com.apple.product-type.bundle.ui-testing";
		};
/* End PBXNativeTarget section */

/* Begin PBXProject section */
		6B69AA8A2103CBF900DDFF55 /* Project object */ = {
			isa = PBXProject;
			attributes = {
				LastSwiftUpdateCheck = 0940;
				LastUpgradeCheck = 0940;
				ORGANIZATIONNAME = "Krishna Babla";
				TargetAttributes = {
					6B69AA912103CBF900DDFF55 = {
						CreatedOnToolsVersion = 9.4.1;
					};
					6B69AAA82103CBFE00DDFF55 = {
						CreatedOnToolsVersion = 9.4.1;
						TestTargetID = 6B69AA912103CBF900DDFF55;
					};
					6B69AAB32103CBFE00DDFF55 = {
						CreatedOnToolsVersion = 9.4.1;
						TestTargetID = 6B69AA912103CBF900DDFF55;
					};
				};
			};
			buildConfigurationList = 6B69AA8D2103CBF900DDFF55 /* Build configuration list for PBXProject "ShopifyiOSCodingChallenge_KrishnaBabla" */;
			compatibilityVersion = "Xcode 9.3";
			developmentRegion = en;
			hasScannedForEncodings = 0;
			knownRegions = (
				en,
				Base,
			);
			mainGroup = 6B69AA892103CBF900DDFF55;
			productRefGroup = 6B69AA932103CBF900DDFF55 /* Products */;
			projectDirPath = "";
			projectRoot = "";
			targets = (
				6B69AA912103CBF900DDFF55 /* ShopifyiOSCodingChallenge_KrishnaBabla */,
				6B69AAA82103CBFE00DDFF55 /* ShopifyiOSCodingChallenge_KrishnaBablaTests */,
				6B69AAB32103CBFE00DDFF55 /* ShopifyiOSCodingChallenge_KrishnaBablaUITests */,
			);
		};
/* End PBXProject section */

/* Begin PBXResourcesBuildPhase section */
		6B69AA902103CBF900DDFF55 /* Resources */ = {
			isa = PBXResourcesBuildPhase;
			buildActionMask = 2147483647;
			files = (
				6B69AAA32103CBFE00DDFF55 /* LaunchScreen.storyboard in Resources */,
				6B69AAA02103CBFE00DDFF55 /* Assets.xcassets in Resources */,
				6B69AA9B2103CBF900DDFF55 /* Main.storyboard in Resources */,
			);
			runOnlyForDeploymentPostprocessing = 0;
		};
		6B69AAA72103CBFE00DDFF55 /* Resources */ = {
			isa = PBXResourcesBuildPhase;
			buildActionMask = 2147483647;
			files = (
			);
			runOnlyForDeploymentPostprocessing = 0;
		};
		6B69AAB22103CBFE00DDFF55 /* Resources */ = {
			isa = PBXResourcesBuildPhase;
			buildActionMask = 2147483647;
			files = (
			);
			runOnlyForDeploymentPostprocessing = 0;
		};
/* End PBXResourcesBuildPhase section */

/* Begin PBXSourcesBuildPhase section */
		6B69AA8E2103CBF900DDFF55 /* Sources */ = {
			isa = PBXSourcesBuildPhase;
			buildActionMask = 2147483647;
			files = (
				6B69AA982103CBF900DDFF55 /* ViewController.swift in Sources */,
				6B69AA962103CBF900DDFF55 /* AppDelegate.swift in Sources */,
				6B69AA9E2103CBFA00DDFF55 /* ShopifyiOSCodingChallenge_KrishnaBabla.xcdatamodeld in Sources */,
			);
			runOnlyForDeploymentPostprocessing = 0;
		};
		6B69AAA52103CBFE00DDFF55 /* Sources */ = {
			isa = PBXSourcesBuildPhase;
			buildActionMask = 2147483647;
			files = (
				6B69AAAE2103CBFE00DDFF55 /* ShopifyiOSCodingChallenge_KrishnaBablaTests.swift in Sources */,
			);
			runOnlyForDeploymentPostprocessing = 0;
		};
		6B69AAB02103CBFE00DDFF55 /* Sources */ = {
			isa = PBXSourcesBuildPhase;
			buildActionMask = 2147483647;
			files = (
				6B69AAB92103CBFE00DDFF55 /* ShopifyiOSCodingChallenge_KrishnaBablaUITests.swift in Sources */,
			);
			runOnlyForDeploymentPostprocessing = 0;
		};
/* End PBXSourcesBuildPhase section */

/* Begin PBXTargetDependency section */
		6B69AAAB2103CBFE00DDFF55 /* PBXTargetDependency */ = {
			isa = PBXTargetDependency;
			target = 6B69AA912103CBF900DDFF55 /* ShopifyiOSCodingChallenge_KrishnaBabla */;
			targetProxy = 6B69AAAA2103CBFE00DDFF55 /* PBXContainerItemProxy */;
		};
		6B69AAB62103CBFE00DDFF55 /* PBXTargetDependency */ = {
			isa = PBXTargetDependency;
			target = 6B69AA912103CBF900DDFF55 /* ShopifyiOSCodingChallenge_KrishnaBabla */;
			targetProxy = 6B69AAB52103CBFE00DDFF55 /* PBXContainerItemProxy */;
		};
/* End PBXTargetDependency section */

/* Begin PBXVariantGroup section */
		6B69AA992103CBF900DDFF55 /* Main.storyboard */ = {
			isa = PBXVariantGroup;
			children = (
				6B69AA9A2103CBF900DDFF55 /* Base */,
			);
			name = Main.storyboard;
			sourceTree = "<group>";
		};
		6B69AAA12103CBFE00DDFF55 /* LaunchScreen.storyboard */ = {
			isa = PBXVariantGroup;
			children = (
				6B69AAA22103CBFE00DDFF55 /* Base */,
			);
			name = LaunchScreen.storyboard;
			sourceTree = "<group>";
		};
/* End PBXVariantGroup section */

/* Begin XCBuildConfiguration section */
		6B69AABB2103CBFE00DDFF55 /* Debug */ = {
			isa = XCBuildConfiguration;
			buildSettings = {
				ALWAYS_SEARCH_USER_PATHS = NO;
				CLANG_ANALYZER_NONNULL = YES;
				CLANG_ANALYZER_NUMBER_OBJECT_CONVERSION = YES_AGGRESSIVE;
				CLANG_CXX_LANGUAGE_STANDARD = "gnu++14";
				CLANG_CXX_LIBRARY = "libc++";
				CLANG_ENABLE_MODULES = YES;
				CLANG_ENABLE_OBJC_ARC = YES;
				CLANG_ENABLE_OBJC_WEAK = YES;
				CLANG_WARN_BLOCK_CAPTURE_AUTORELEASING = YES;
				CLANG_WARN_BOOL_CONVERSION = YES;
				CLANG_WARN_COMMA = YES;
				CLANG_WARN_CONSTANT_CONVERSION = YES;
				CLANG_WARN_DEPRECATED_OBJC_IMPLEMENTATIONS = YES;
				CLANG_WARN_DIRECT_OBJC_ISA_USAGE = YES_ERROR;
				CLANG_WARN_DOCUMENTATION_COMMENTS = YES;
				CLANG_WARN_EMPTY_BODY = YES;
				CLANG_WARN_ENUM_CONVERSION = YES;
				CLANG_WARN_INFINITE_RECURSION = YES;
				CLANG_WARN_INT_CONVERSION = YES;
				CLANG_WARN_NON_LITERAL_NULL_CONVERSION = YES;
				CLANG_WARN_OBJC_IMPLICIT_RETAIN_SELF = YES;
				CLANG_WARN_OBJC_LITERAL_CONVERSION = YES;
				CLANG_WARN_OBJC_ROOT_CLASS = YES_ERROR;
				CLANG_WARN_RANGE_LOOP_ANALYSIS = YES;
				CLANG_WARN_STRICT_PROTOTYPES = YES;
				CLANG_WARN_SUSPICIOUS_MOVE = YES;
				CLANG_WARN_UNGUARDED_AVAILABILITY = YES_AGGRESSIVE;
				CLANG_WARN_UNREACHABLE_CODE = YES;
				CLANG_WARN__DUPLICATE_METHOD_MATCH = YES;
				CODE_SIGN_IDENTITY = "iPhone Developer";
				COPY_PHASE_STRIP = NO;
				DEBUG_INFORMATION_FORMAT = dwarf;
				ENABLE_STRICT_OBJC_MSGSEND = YES;
				ENABLE_TESTABILITY = YES;
				GCC_C_LANGUAGE_STANDARD = gnu11;
				GCC_DYNAMIC_NO_PIC = NO;
				GCC_NO_COMMON_BLOCKS = YES;
				GCC_OPTIMIZATION_LEVEL = 0;
				GCC_PREPROCESSOR_DEFINITIONS = (
					"DEBUG=1",
					"$(inherited)",
				);
				GCC_WARN_64_TO_32_BIT_CONVERSION = YES;
				GCC_WARN_ABOUT_RETURN_TYPE = YES_ERROR;
				GCC_WARN_UNDECLARED_SELECTOR = YES;
				GCC_WARN_UNINITIALIZED_AUTOS = YES_AGGRESSIVE;
				GCC_WARN_UNUSED_FUNCTION = YES;
				GCC_WARN_UNUSED_VARIABLE = YES;
				IPHONEOS_DEPLOYMENT_TARGET = 11.4;
				MTL_ENABLE_DEBUG_INFO = YES;
				ONLY_ACTIVE_ARCH = YES;
				SDKROOT = iphoneos;
				SWIFT_ACTIVE_COMPILATION_CONDITIONS = DEBUG;
				SWIFT_OPTIMIZATION_LEVEL = "-Onone";
			};
			name = Debug;
		};
		6B69AABC2103CBFE00DDFF55 /* Release */ = {
			isa = XCBuildConfiguration;
			buildSettings = {
				ALWAYS_SEARCH_USER_PATHS = NO;
				CLANG_ANALYZER_NONNULL = YES;
				CLANG_ANALYZER_NUMBER_OBJECT_CONVERSION = YES_AGGRESSIVE;
				CLANG_CXX_LANGUAGE_STANDARD = "gnu++14";
				CLANG_CXX_LIBRARY = "libc++";
				CLANG_ENABLE_MODULES = YES;
				CLANG_ENABLE_OBJC_ARC = YES;
				CLANG_ENABLE_OBJC_WEAK = YES;
				CLANG_WARN_BLOCK_CAPTURE_AUTORELEASING = YES;
				CLANG_WARN_BOOL_CONVERSION = YES;
				CLANG_WARN_COMMA = YES;
				CLANG_WARN_CONSTANT_CONVERSION = YES;
				CLANG_WARN_DEPRECATED_OBJC_IMPLEMENTATIONS = YES;
				CLANG_WARN_DIRECT_OBJC_ISA_USAGE = YES_ERROR;
				CLANG_WARN_DOCUMENTATION_COMMENTS = YES;
				CLANG_WARN_EMPTY_BODY = YES;
				CLANG_WARN_ENUM_CONVERSION = YES;
				CLANG_WARN_INFINITE_RECURSION = YES;
				CLANG_WARN_INT_CONVERSION = YES;
				CLANG_WARN_NON_LITERAL_NULL_CONVERSION = YES;
				CLANG_WARN_OBJC_IMPLICIT_RETAIN_SELF = YES;
				CLANG_WARN_OBJC_LITERAL_CONVERSION = YES;
				CLANG_WARN_OBJC_ROOT_CLASS = YES_ERROR;
				CLANG_WARN_RANGE_LOOP_ANALYSIS = YES;
				CLANG_WARN_STRICT_PROTOTYPES = YES;
				CLANG_WARN_SUSPICIOUS_MOVE = YES;
				CLANG_WARN_UNGUARDED_AVAILABILITY = YES_AGGRESSIVE;
				CLANG_WARN_UNREACHABLE_CODE = YES;
				CLANG_WARN__DUPLICATE_METHOD_MATCH = YES;
				CODE_SIGN_IDENTITY = "iPhone Developer";
				COPY_PHASE_STRIP = NO;
				DEBUG_INFORMATION_FORMAT = "dwarf-with-dsym";
				ENABLE_NS_ASSERTIONS = NO;
				ENABLE_STRICT_OBJC_MSGSEND = YES;
				GCC_C_LANGUAGE_STANDARD = gnu11;
				GCC_NO_COMMON_BLOCKS = YES;
				GCC_WARN_64_TO_32_BIT_CONVERSION = YES;
				GCC_WARN_ABOUT_RETURN_TYPE = YES_ERROR;
				GCC_WARN_UNDECLARED_SELECTOR = YES;
				GCC_WARN_UNINITIALIZED_AUTOS = YES_AGGRESSIVE;
				GCC_WARN_UNUSED_FUNCTION = YES;
				GCC_WARN_UNUSED_VARIABLE = YES;
				IPHONEOS_DEPLOYMENT_TARGET = 11.4;
				MTL_ENABLE_DEBUG_INFO = NO;
				SDKROOT = iphoneos;
				SWIFT_COMPILATION_MODE = wholemodule;
				SWIFT_OPTIMIZATION_LEVEL = "-O";
				VALIDATE_PRODUCT = YES;
			};
			name = Release;
		};
		6B69AABE2103CBFE00DDFF55 /* Debug */ = {
			isa = XCBuildConfiguration;
			buildSettings = {
				ASSETCATALOG_COMPILER_APPICON_NAME = AppIcon;
				CODE_SIGN_STYLE = Automatic;
				DEVELOPMENT_TEAM = CV4C6SDSK9;
				INFOPLIST_FILE = ShopifyiOSCodingChallenge_KrishnaBabla/Info.plist;
				LD_RUNPATH_SEARCH_PATHS = (
					"$(inherited)",
					"@executable_path/Frameworks",
				);
				PRODUCT_BUNDLE_IDENTIFIER = "com.KrishnaBabla.ShopifyiOSCodingChallenge-KrishnaBabla";
				PRODUCT_NAME = "$(TARGET_NAME)";
				SWIFT_VERSION = 4.0;
				TARGETED_DEVICE_FAMILY = "1,2";
			};
			name = Debug;
		};
		6B69AABF2103CBFE00DDFF55 /* Release */ = {
			isa = XCBuildConfiguration;
			buildSettings = {
				ASSETCATALOG_COMPILER_APPICON_NAME = AppIcon;
				CODE_SIGN_STYLE = Automatic;
				DEVELOPMENT_TEAM = CV4C6SDSK9;
				INFOPLIST_FILE = ShopifyiOSCodingChallenge_KrishnaBabla/Info.plist;
				LD_RUNPATH_SEARCH_PATHS = (
					"$(inherited)",
					"@executable_path/Frameworks",
				);
				PRODUCT_BUNDLE_IDENTIFIER = "com.KrishnaBabla.ShopifyiOSCodingChallenge-KrishnaBabla";
				PRODUCT_NAME = "$(TARGET_NAME)";
				SWIFT_VERSION = 4.0;
				TARGETED_DEVICE_FAMILY = "1,2";
			};
			name = Release;
		};
		6B69AAC12103CBFE00DDFF55 /* Debug */ = {
			isa = XCBuildConfiguration;
			buildSettings = {
				ALWAYS_EMBED_SWIFT_STANDARD_LIBRARIES = YES;
				BUNDLE_LOADER = "$(TEST_HOST)";
				CODE_SIGN_STYLE = Automatic;
				DEVELOPMENT_TEAM = CV4C6SDSK9;
				INFOPLIST_FILE = ShopifyiOSCodingChallenge_KrishnaBablaTests/Info.plist;
				LD_RUNPATH_SEARCH_PATHS = (
					"$(inherited)",
					"@executable_path/Frameworks",
					"@loader_path/Frameworks",
				);
				PRODUCT_BUNDLE_IDENTIFIER = "com.KrishnaBabla.ShopifyiOSCodingChallenge-KrishnaBablaTests";
				PRODUCT_NAME = "$(TARGET_NAME)";
				SWIFT_VERSION = 4.0;
				TARGETED_DEVICE_FAMILY = "1,2";
				TEST_HOST = "$(BUILT_PRODUCTS_DIR)/ShopifyiOSCodingChallenge_KrishnaBabla.app/ShopifyiOSCodingChallenge_KrishnaBabla";
			};
			name = Debug;
		};
		6B69AAC22103CBFE00DDFF55 /* Release */ = {
			isa = XCBuildConfiguration;
			buildSettings = {
				ALWAYS_EMBED_SWIFT_STANDARD_LIBRARIES = YES;
				BUNDLE_LOADER = "$(TEST_HOST)";
				CODE_SIGN_STYLE = Automatic;
				DEVELOPMENT_TEAM = CV4C6SDSK9;
				INFOPLIST_FILE = ShopifyiOSCodingChallenge_KrishnaBablaTests/Info.plist;
				LD_RUNPATH_SEARCH_PATHS = (
					"$(inherited)",
					"@executable_path/Frameworks",
					"@loader_path/Frameworks",
				);
				PRODUCT_BUNDLE_IDENTIFIER = "com.KrishnaBabla.ShopifyiOSCodingChallenge-KrishnaBablaTests";
				PRODUCT_NAME = "$(TARGET_NAME)";
				SWIFT_VERSION = 4.0;
				TARGETED_DEVICE_FAMILY = "1,2";
				TEST_HOST = "$(BUILT_PRODUCTS_DIR)/ShopifyiOSCodingChallenge_KrishnaBabla.app/ShopifyiOSCodingChallenge_KrishnaBabla";
			};
			name = Release;
		};
		6B69AAC42103CBFE00DDFF55 /* Debug */ = {
			isa = XCBuildConfiguration;
			buildSettings = {
				ALWAYS_EMBED_SWIFT_STANDARD_LIBRARIES = YES;
				CODE_SIGN_STYLE = Automatic;
				DEVELOPMENT_TEAM = CV4C6SDSK9;
				INFOPLIST_FILE = ShopifyiOSCodingChallenge_KrishnaBablaUITests/Info.plist;
				LD_RUNPATH_SEARCH_PATHS = (
					"$(inherited)",
					"@executable_path/Frameworks",
					"@loader_path/Frameworks",
				);
				PRODUCT_BUNDLE_IDENTIFIER = "com.KrishnaBabla.ShopifyiOSCodingChallenge-KrishnaBablaUITests";
				PRODUCT_NAME = "$(TARGET_NAME)";
				SWIFT_VERSION = 4.0;
				TARGETED_DEVICE_FAMILY = "1,2";
				TEST_TARGET_NAME = ShopifyiOSCodingChallenge_KrishnaBabla;
			};
			name = Debug;
		};
		6B69AAC52103CBFE00DDFF55 /* Release */ = {
			isa = XCBuildConfiguration;
			buildSettings = {
				ALWAYS_EMBED_SWIFT_STANDARD_LIBRARIES = YES;
				CODE_SIGN_STYLE = Automatic;
				DEVELOPMENT_TEAM = CV4C6SDSK9;
				INFOPLIST_FILE = ShopifyiOSCodingChallenge_KrishnaBablaUITests/Info.plist;
				LD_RUNPATH_SEARCH_PATHS = (
					"$(inherited)",
					"@executable_path/Frameworks",
					"@loader_path/Frameworks",
				);
				PRODUCT_BUNDLE_IDENTIFIER = "com.KrishnaBabla.ShopifyiOSCodingChallenge-KrishnaBablaUITests";
				PRODUCT_NAME = "$(TARGET_NAME)";
				SWIFT_VERSION = 4.0;
				TARGETED_DEVICE_FAMILY = "1,2";
				TEST_TARGET_NAME = ShopifyiOSCodingChallenge_KrishnaBabla;
			};
			name = Release;
		};
/* End XCBuildConfiguration section */

/* Begin XCConfigurationList section */
		6B69AA8D2103CBF900DDFF55 /* Build configuration list for PBXProject "ShopifyiOSCodingChallenge_KrishnaBabla" */ = {
			isa = XCConfigurationList;
			buildConfigurations = (
				6B69AABB2103CBFE00DDFF55 /* Debug */,
				6B69AABC2103CBFE00DDFF55 /* Release */,
			);
			defaultConfigurationIsVisible = 0;
			defaultConfigurationName = Release;
		};
		6B69AABD2103CBFE00DDFF55 /* Build configuration list for PBXNativeTarget "ShopifyiOSCodingChallenge_KrishnaBabla" */ = {
			isa = XCConfigurationList;
			buildConfigurations = (
				6B69AABE2103CBFE00DDFF55 /* Debug */,
				6B69AABF2103CBFE00DDFF55 /* Release */,
			);
			defaultConfigurationIsVisible = 0;
			defaultConfigurationName = Release;
		};
		6B69AAC02103CBFE00DDFF55 /* Build configuration list for PBXNativeTarget "ShopifyiOSCodingChallenge_KrishnaBablaTests" */ = {
			isa = XCConfigurationList;
			buildConfigurations = (
				6B69AAC12103CBFE00DDFF55 /* Debug */,
				6B69AAC22103CBFE00DDFF55 /* Release */,
			);
			defaultConfigurationIsVisible = 0;
			defaultConfigurationName = Release;
		};
		6B69AAC32103CBFE00DDFF55 /* Build configuration list for PBXNativeTarget "ShopifyiOSCodingChallenge_KrishnaBablaUITests" */ = {
			isa = XCConfigurationList;
			buildConfigurations = (
				6B69AAC42103CBFE00DDFF55 /* Debug */,
				6B69AAC52103CBFE00DDFF55 /* Release */,
			);
			defaultConfigurationIsVisible = 0;
			defaultConfigurationName = Release;
		};
/* End XCConfigurationList section */

/* Begin XCVersionGroup section */
		6B69AA9C2103CBFA00DDFF55 /* ShopifyiOSCodingChallenge_KrishnaBabla.xcdatamodeld */ = {
			isa = XCVersionGroup;
			children = (
				6B69AA9D2103CBFA00DDFF55 /* ShopifyiOSCodingChallenge_KrishnaBabla.xcdatamodel */,
			);
			currentVersion = 6B69AA9D2103CBFA00DDFF55 /* ShopifyiOSCodingChallenge_KrishnaBabla.xcdatamodel */;
			path = ShopifyiOSCodingChallenge_KrishnaBabla.xcdatamodeld;
			sourceTree = "<group>";
			versionGroupType = wrapper.xcdatamodel;
		};
/* End XCVersionGroup section */
	};
	rootObject = 6B69AA8A2103CBF900DDFF55 /* Project object */;
}
